
Microsoft Visual Studio Solution File, Format Version 12.00
# Visual Studio 15
VisualStudioVersion = 15.0.27130.2027
MinimumVisualStudioVersion = 10.0.40219.1
Project("{FAE04EC0-301F-11D3-BF4B-00C04F79EFBC}") = "vonergyWS", "vonergyWS\vonergyWS.csproj", "{751FDF46-983A-4F80-959E-57ED98E5E6E6}"
EndProject
Global
	GlobalSection(SolutionConfigurationPlatforms) = preSolution
		Debug|Any CPU = Debug|Any CPU
		Release|Any CPU = Release|Any CPU
	EndGlobalSection
	GlobalSection(ProjectConfigurationPlatforms) = postSolution
		{751FDF46-983A-4F80-959E-57ED98E5E6E6}.Debug|Any CPU.ActiveCfg = Debug|Any CPU
		{751FDF46-983A-4F80-959E-57ED98E5E6E6}.Debug|Any CPU.Build.0 = Debug|Any CPU
		{751FDF46-983A-4F80-959E-57ED98E5E6E6}.Release|Any CPU.ActiveCfg = Release|Any CPU
		{751FDF46-983A-4F80-959E-57ED98E5E6E6}.Release|Any CPU.Build.0 = Release|Any CPU
	EndGlobalSection
	GlobalSection(SolutionProperties) = preSolution
		HideSolutionNode = FALSE
	EndGlobalSection
	GlobalSection(ExtensibilityGlobals) = postSolution
		SolutionGuid = {69DC42E1-25F2-43A7-ACA6-B334BA7D6286}
	EndGlobalSection
EndGlobal
